// !$*UTF8*$!
{
	archiveVersion = 1;
	classes = {
	};
	objectVersion = 46;
	objects = {

/* Begin PBXBuildFile section */
		5B7258AA1DABE90D005BC34A /* main.m in Sources */ = {isa = PBXBuildFile; fileRef = 5B7258A91DABE90D005BC34A /* main.m */; };
		5B7258AD1DABE90D005BC34A /* VXAppDelegate.m in Sources */ = {isa = PBXBuildFile; fileRef = 5B7258AC1DABE90D005BC34A /* VXAppDelegate.m */; };
		5B7258B01DABE90D005BC34A /* ViewController.m in Sources */ = {isa = PBXBuildFile; fileRef = 5B7258AF1DABE90D005BC34A /* ViewController.m */; };
		5B7258B31DABE90D005BC34A /* Main.storyboard in Resources */ = {isa = PBXBuildFile; fileRef = 5B7258B11DABE90D005BC34A /* Main.storyboard */; };
		5B7258B61DABE90D005BC34A /* VXBorrowedTime.xcdatamodeld in Sources */ = {isa = PBXBuildFile; fileRef = 5B7258B41DABE90D005BC34A /* VXBorrowedTime.xcdatamodeld */; };
		5B7258B81DABE90D005BC34A /* Assets.xcassets in Resources */ = {isa = PBXBuildFile; fileRef = 5B7258B71DABE90D005BC34A /* Assets.xcassets */; };
		5B7258BB1DABE90D005BC34A /* LaunchScreen.storyboard in Resources */ = {isa = PBXBuildFile; fileRef = 5B7258B91DABE90D005BC34A /* LaunchScreen.storyboard */; };
		5B7258C61DABE90D005BC34A /* VXBorrowedTimeTests.m in Sources */ = {isa = PBXBuildFile; fileRef = 5B7258C51DABE90D005BC34A /* VXBorrowedTimeTests.m */; };
		5B7258D11DABE90D005BC34A /* VXBorrowedTimeUITests.m in Sources */ = {isa = PBXBuildFile; fileRef = 5B7258D01DABE90D005BC34A /* VXBorrowedTimeUITests.m */; };
		5B7258E01DABF02C005BC34A /* UncaughtExceptionHandler.m in Sources */ = {isa = PBXBuildFile; fileRef = 5B7258DF1DABF02C005BC34A /* UncaughtExceptionHandler.m */; settings = {COMPILER_FLAGS = "-fno-objc-arc"; }; };
/* End PBXBuildFile section */

/* Begin PBXContainerItemProxy section */
		5B7258C21DABE90D005BC34A /* PBXContainerItemProxy */ = {
			isa = PBXContainerItemProxy;
			containerPortal = 5B72589D1DABE90D005BC34A /* Project object */;
			proxyType = 1;
			remoteGlobalIDString = 5B7258A41DABE90D005BC34A;
			remoteInfo = VXBorrowedTime;
		};
		5B7258CD1DABE90D005BC34A /* PBXContainerItemProxy */ = {
			isa = PBXContainerItemProxy;
			containerPortal = 5B72589D1DABE90D005BC34A /* Project object */;
			proxyType = 1;
			remoteGlobalIDString = 5B7258A41DABE90D005BC34A;
			remoteInfo = VXBorrowedTime;
		};
/* End PBXContainerItemProxy section */

/* Begin PBXFileReference section */
		5B7258A51DABE90D005BC34A /* VXBorrowedTime.app */ = {isa = PBXFileReference; explicitFileType = wrapper.application; includeInIndex = 0; path = VXBorrowedTime.app; sourceTree = BUILT_PRODUCTS_DIR; };
		5B7258A91DABE90D005BC34A /* main.m */ = {isa = PBXFileReference; lastKnownFileType = sourcecode.c.objc; path = main.m; sourceTree = "<group>"; };
		5B7258AB1DABE90D005BC34A /* VXAppDelegate.h */ = {isa = PBXFileReference; lastKnownFileType = sourcecode.c.h; path = VXAppDelegate.h; sourceTree = "<group>"; };
		5B7258AC1DABE90D005BC34A /* VXAppDelegate.m */ = {isa = PBXFileReference; lastKnownFileType = sourcecode.c.objc; path = VXAppDelegate.m; sourceTree = "<group>"; };
		5B7258AE1DABE90D005BC34A /* ViewController.h */ = {isa = PBXFileReference; lastKnownFileType = sourcecode.c.h; path = ViewController.h; sourceTree = "<group>"; };
		5B7258AF1DABE90D005BC34A /* ViewController.m */ = {isa = PBXFileReference; lastKnownFileType = sourcecode.c.objc; path = ViewController.m; sourceTree = "<group>"; };
		5B7258B21DABE90D005BC34A /* Base */ = {isa = PBXFileReference; lastKnownFileType = file.storyboard; name = Base; path = Base.lproj/Main.storyboard; sourceTree = "<group>"; };
		5B7258B51DABE90D005BC34A /* VXBorrowedTime.xcdatamodel */ = {isa = PBXFileReference; lastKnownFileType = wrapper.xcdatamodel; path = VXBorrowedTime.xcdatamodel; sourceTree = "<group>"; };
		5B7258B71DABE90D005BC34A /* Assets.xcassets */ = {isa = PBXFileReference; lastKnownFileType = folder.assetcatalog; path = Assets.xcassets; sourceTree = "<group>"; };
		5B7258BA1DABE90D005BC34A /* Base */ = {isa = PBXFileReference; lastKnownFileType = file.storyboard; name = Base; path = Base.lproj/LaunchScreen.storyboard; sourceTree = "<group>"; };
		5B7258BC1DABE90D005BC34A /* Info.plist */ = {isa = PBXFileReference; lastKnownFileType = text.plist.xml; path = Info.plist; sourceTree = "<group>"; };
		5B7258C11DABE90D005BC34A /* VXBorrowedTimeTests.xctest */ = {isa = PBXFileReference; explicitFileType = wrapper.cfbundle; includeInIndex = 0; path = VXBorrowedTimeTests.xctest; sourceTree = BUILT_PRODUCTS_DIR; };
		5B7258C51DABE90D005BC34A /* VXBorrowedTimeTests.m */ = {isa = PBXFileReference; lastKnownFileType = sourcecode.c.objc; path = VXBorrowedTimeTests.m; sourceTree = "<group>"; };
		5B7258C71DABE90D005BC34A /* Info.plist */ = {isa = PBXFileReference; lastKnownFileType = text.plist.xml; path = Info.plist; sourceTree = "<group>"; };
		5B7258CC1DABE90D005BC34A /* VXBorrowedTimeUITests.xctest */ = {isa = PBXFileReference; explicitFileType = wrapper.cfbundle; includeInIndex = 0; path = VXBorrowedTimeUITests.xctest; sourceTree = BUILT_PRODUCTS_DIR; };
		5B7258D01DABE90D005BC34A /* VXBorrowedTimeUITests.m */ = {isa = PBXFileReference; lastKnownFileType = sourcecode.c.objc; path = VXBorrowedTimeUITests.m; sourceTree = "<group>"; };
		5B7258D21DABE90D005BC34A /* Info.plist */ = {isa = PBXFileReference; lastKnownFileType = text.plist.xml; path = Info.plist; sourceTree = "<group>"; };
		5B7258DE1DABF02C005BC34A /* UncaughtExceptionHandler.h */ = {isa = PBXFileReference; fileEncoding = 4; lastKnownFileType = sourcecode.c.h; path = UncaughtExceptionHandler.h; sourceTree = "<group>"; };
		5B7258DF1DABF02C005BC34A /* UncaughtExceptionHandler.m */ = {isa = PBXFileReference; fileEncoding = 4; lastKnownFileType = sourcecode.c.objc; path = UncaughtExceptionHandler.m; sourceTree = "<group>"; };
/* End PBXFileReference section */

/* Begin PBXFrameworksBuildPhase section */
		5B7258A21DABE90D005BC34A /* Frameworks */ = {
			isa = PBXFrameworksBuildPhase;
			buildActionMask = 2147483647;
			files = (
			);
			runOnlyForDeploymentPostprocessing = 0;
		};
		5B7258BE1DABE90D005BC34A /* Frameworks */ = {
			isa = PBXFrameworksBuildPhase;
			buildActionMask = 2147483647;
			files = (
			);
			runOnlyForDeploymentPostprocessing = 0;
		};
		5B7258C91DABE90D005BC34A /* Frameworks */ = {
			isa = PBXFrameworksBuildPhase;
			buildActionMask = 2147483647;
			files = (
			);
			runOnlyForDeploymentPostprocessing = 0;
		};
/* End PBXFrameworksBuildPhase section */

/* Begin PBXGroup section */
		5B72589C1DABE90D005BC34A = {
			isa = PBXGroup;
			children = (
				5B7258A71DABE90D005BC34A /* VXBorrowedTime */,
				5B7258C41DABE90D005BC34A /* VXBorrowedTimeTests */,
				5B7258CF1DABE90D005BC34A /* VXBorrowedTimeUITests */,
				5B7258A61DABE90D005BC34A /* Products */,
			);
			sourceTree = "<group>";
		};
		5B7258A61DABE90D005BC34A /* Products */ = {
			isa = PBXGroup;
			children = (
				5B7258A51DABE90D005BC34A /* VXBorrowedTime.app */,
				5B7258C11DABE90D005BC34A /* VXBorrowedTimeTests.xctest */,
				5B7258CC1DABE90D005BC34A /* VXBorrowedTimeUITests.xctest */,
			);
			name = Products;
			sourceTree = "<group>";
		};
		5B7258A71DABE90D005BC34A /* VXBorrowedTime */ = {
			isa = PBXGroup;
			children = (
				5B7258AB1DABE90D005BC34A /* VXAppDelegate.h */,
				5B7258AC1DABE90D005BC34A /* VXAppDelegate.m */,
				5B7258AE1DABE90D005BC34A /* ViewController.h */,
				5B7258AF1DABE90D005BC34A /* ViewController.m */,
				5B7258DE1DABF02C005BC34A /* UncaughtExceptionHandler.h */,
				5B7258DF1DABF02C005BC34A /* UncaughtExceptionHandler.m */,
				5B7258B11DABE90D005BC34A /* Main.storyboard */,
				5B7258B71DABE90D005BC34A /* Assets.xcassets */,
				5B7258B91DABE90D005BC34A /* LaunchScreen.storyboard */,
				5B7258BC1DABE90D005BC34A /* Info.plist */,
				5B7258B41DABE90D005BC34A /* VXBorrowedTime.xcdatamodeld */,
				5B7258A81DABE90D005BC34A /* Supporting Files */,
			);
			path = VXBorrowedTime;
			sourceTree = "<group>";
		};
		5B7258A81DABE90D005BC34A /* Supporting Files */ = {
			isa = PBXGroup;
			children = (
				5B7258A91DABE90D005BC34A /* main.m */,
			);
			name = "Supporting Files";
			sourceTree = "<group>";
		};
		5B7258C41DABE90D005BC34A /* VXBorrowedTimeTests */ = {
			isa = PBXGroup;
			children = (
				5B7258C51DABE90D005BC34A /* VXBorrowedTimeTests.m */,
				5B7258C71DABE90D005BC34A /* Info.plist */,
			);
			path = VXBorrowedTimeTests;
			sourceTree = "<group>";
		};
		5B7258CF1DABE90D005BC34A /* VXBorrowedTimeUITests */ = {
			isa = PBXGroup;
			children = (
				5B7258D01DABE90D005BC34A /* VXBorrowedTimeUITests.m */,
				5B7258D21DABE90D005BC34A /* Info.plist */,
			);
			path = VXBorrowedTimeUITests;
			sourceTree = "<group>";
		};
/* End PBXGroup section */

/* Begin PBXNativeTarget section */
		5B7258A41DABE90D005BC34A /* VXBorrowedTime */ = {
			isa = PBXNativeTarget;
			buildConfigurationList = 5B7258D51DABE90D005BC34A /* Build configuration list for PBXNativeTarget "VXBorrowedTime" */;
			buildPhases = (
				5B7258A11DABE90D005BC34A /* Sources */,
				5B7258A21DABE90D005BC34A /* Frameworks */,
				5B7258A31DABE90D005BC34A /* Resources */,
			);
			buildRules = (
			);
			dependencies = (
			);
			name = VXBorrowedTime;
			productName = VXBorrowedTime;
			productReference = 5B7258A51DABE90D005BC34A /* VXBorrowedTime.app */;
			productType = "com.apple.product-type.application";
		};
		5B7258C01DABE90D005BC34A /* VXBorrowedTimeTests */ = {
			isa = PBXNativeTarget;
			buildConfigurationList = 5B7258D81DABE90D005BC34A /* Build configuration list for PBXNativeTarget "VXBorrowedTimeTests" */;
			buildPhases = (
				5B7258BD1DABE90D005BC34A /* Sources */,
				5B7258BE1DABE90D005BC34A /* Frameworks */,
				5B7258BF1DABE90D005BC34A /* Resources */,
			);
			buildRules = (
			);
			dependencies = (
				5B7258C31DABE90D005BC34A /* PBXTargetDependency */,
			);
			name = VXBorrowedTimeTests;
			productName = VXBorrowedTimeTests;
			productReference = 5B7258C11DABE90D005BC34A /* VXBorrowedTimeTests.xctest */;
			productType = "com.apple.product-type.bundle.unit-test";
		};
		5B7258CB1DABE90D005BC34A /* VXBorrowedTimeUITests */ = {
			isa = PBXNativeTarget;
			buildConfigurationList = 5B7258DB1DABE90D005BC34A /* Build configuration list for PBXNativeTarget "VXBorrowedTimeUITests" */;
			buildPhases = (
				5B7258C81DABE90D005BC34A /* Sources */,
				5B7258C91DABE90D005BC34A /* Frameworks */,
				5B7258CA1DABE90D005BC34A /* Resources */,
			);
			buildRules = (
			);
			dependencies = (
				5B7258CE1DABE90D005BC34A /* PBXTargetDependency */,
			);
			name = VXBorrowedTimeUITests;
			productName = VXBorrowedTimeUITests;
			productReference = 5B7258CC1DABE90D005BC34A /* VXBorrowedTimeUITests.xctest */;
			productType = "com.apple.product-type.bundle.ui-testing";
		};
/* End PBXNativeTarget section */

/* Begin PBXProject section */
		5B72589D1DABE90D005BC34A /* Project object */ = {
			isa = PBXProject;
			attributes = {
				LastUpgradeCheck = 0730;
				ORGANIZATIONNAME = voidxin;
				TargetAttributes = {
					5B7258A41DABE90D005BC34A = {
						CreatedOnToolsVersion = 7.3.1;
					};
					5B7258C01DABE90D005BC34A = {
						CreatedOnToolsVersion = 7.3.1;
						TestTargetID = 5B7258A41DABE90D005BC34A;
					};
					5B7258CB1DABE90D005BC34A = {
						CreatedOnToolsVersion = 7.3.1;
						TestTargetID = 5B7258A41DABE90D005BC34A;
					};
				};
			};
			buildConfigurationList = 5B7258A01DABE90D005BC34A /* Build configuration list for PBXProject "VXBorrowedTime" */;
			compatibilityVersion = "Xcode 3.2";
			developmentRegion = English;
			hasScannedForEncodings = 0;
			knownRegions = (
				en,
				Base,
			);
			mainGroup = 5B72589C1DABE90D005BC34A;
			productRefGroup = 5B7258A61DABE90D005BC34A /* Products */;
			projectDirPath = "";
			projectRoot = "";
			targets = (
				5B7258A41DABE90D005BC34A /* VXBorrowedTime */,
				5B7258C01DABE90D005BC34A /* VXBorrowedTimeTests */,
				5B7258CB1DABE90D005BC34A /* VXBorrowedTimeUITests */,
			);
		};
/* End PBXProject section */

/* Begin PBXResourcesBuildPhase section */
		5B7258A31DABE90D005BC34A /* Resources */ = {
			isa = PBXResourcesBuildPhase;
			buildActionMask = 2147483647;
			files = (
				5B7258BB1DABE90D005BC34A /* LaunchScreen.storyboard in Resources */,
				5B7258B81DABE90D005BC34A /* Assets.xcassets in Resources */,
				5B7258B31DABE90D005BC34A /* Main.storyboard in Resources */,
			);
			runOnlyForDeploymentPostprocessing = 0;
		};
		5B7258BF1DABE90D005BC34A /* Resources */ = {
			isa = PBXResourcesBuildPhase;
			buildActionMask = 2147483647;
			files = (
			);
			runOnlyForDeploymentPostprocessing = 0;
		};
		5B7258CA1DABE90D005BC34A /* Resources */ = {
			isa = PBXResourcesBuildPhase;
			buildActionMask = 2147483647;
			files = (
			);
			runOnlyForDeploymentPostprocessing = 0;
		};
/* End PBXResourcesBuildPhase section */

/* Begin PBXSourcesBuildPhase section */
		5B7258A11DABE90D005BC34A /* Sources */ = {
			isa = PBXSourcesBuildPhase;
			buildActionMask = 2147483647;
			files = (
				5B7258B61DABE90D005BC34A /* VXBorrowedTime.xcdatamodeld in Sources */,
				5B7258E01DABF02C005BC34A /* UncaughtExceptionHandler.m in Sources */,
				5B7258B01DABE90D005BC34A /* ViewController.m in Sources */,
				5B7258AD1DABE90D005BC34A /* VXAppDelegate.m in Sources */,
				5B7258AA1DABE90D005BC34A /* main.m in Sources */,
			);
			runOnlyForDeploymentPostprocessing = 0;
		};
		5B7258BD1DABE90D005BC34A /* Sources */ = {
			isa = PBXSourcesBuildPhase;
			buildActionMask = 2147483647;
			files = (
				5B7258C61DABE90D005BC34A /* VXBorrowedTimeTests.m in Sources */,
			);
			runOnlyForDeploymentPostprocessing = 0;
		};
		5B7258C81DABE90D005BC34A /* Sources */ = {
			isa = PBXSourcesBuildPhase;
			buildActionMask = 2147483647;
			files = (
				5B7258D11DABE90D005BC34A /* VXBorrowedTimeUITests.m in Sources */,
			);
			runOnlyForDeploymentPostprocessing = 0;
		};
/* End PBXSourcesBuildPhase section */

/* Begin PBXTargetDependency section */
		5B7258C31DABE90D005BC34A /* PBXTargetDependency */ = {
			isa = PBXTargetDependency;
			target = 5B7258A41DABE90D005BC34A /* VXBorrowedTime */;
			targetProxy = 5B7258C21DABE90D005BC34A /* PBXContainerItemProxy */;
		};
		5B7258CE1DABE90D005BC34A /* PBXTargetDependency */ = {
			isa = PBXTargetDependency;
			target = 5B7258A41DABE90D005BC34A /* VXBorrowedTime */;
			targetProxy = 5B7258CD1DABE90D005BC34A /* PBXContainerItemProxy */;
		};
/* End PBXTargetDependency section */

/* Begin PBXVariantGroup section */
		5B7258B11DABE90D005BC34A /* Main.storyboard */ = {
			isa = PBXVariantGroup;
			children = (
				5B7258B21DABE90D005BC34A /* Base */,
			);
			name = Main.storyboard;
			sourceTree = "<group>";
		};
		5B7258B91DABE90D005BC34A /* LaunchScreen.storyboard */ = {
			isa = PBXVariantGroup;
			children = (
				5B7258BA1DABE90D005BC34A /* Base */,
			);
			name = LaunchScreen.storyboard;
			sourceTree = "<group>";
		};
/* End PBXVariantGroup section */

/* Begin XCBuildConfiguration section */
		5B7258D31DABE90D005BC34A /* Debug */ = {
			isa = XCBuildConfiguration;
			buildSettings = {
				ALWAYS_SEARCH_USER_PATHS = NO;
				CLANG_ANALYZER_NONNULL = YES;
				CLANG_CXX_LANGUAGE_STANDARD = "gnu++0x";
				CLANG_CXX_LIBRARY = "libc++";
				CLANG_ENABLE_MODULES = YES;
				CLANG_ENABLE_OBJC_ARC = YES;
				CLANG_WARN_BOOL_CONVERSION = YES;
				CLANG_WARN_CONSTANT_CONVERSION = YES;
				CLANG_WARN_DIRECT_OBJC_ISA_USAGE = YES_ERROR;
				CLANG_WARN_EMPTY_BODY = YES;
				CLANG_WARN_ENUM_CONVERSION = YES;
				CLANG_WARN_INT_CONVERSION = YES;
				CLANG_WARN_OBJC_ROOT_CLASS = YES_ERROR;
				CLANG_WARN_UNREACHABLE_CODE = YES;
				CLANG_WARN__DUPLICATE_METHOD_MATCH = YES;
				"CODE_SIGN_IDENTITY[sdk=iphoneos*]" = "iPhone Developer";
				COPY_PHASE_STRIP = NO;
				DEBUG_INFORMATION_FORMAT = dwarf;
				ENABLE_STRICT_OBJC_MSGSEND = YES;
				ENABLE_TESTABILITY = YES;
				GCC_C_LANGUAGE_STANDARD = gnu99;
				GCC_DYNAMIC_NO_PIC = NO;
				GCC_NO_COMMON_BLOCKS = YES;
				GCC_OPTIMIZATION_LEVEL = 0;
				GCC_PREPROCESSOR_DEFINITIONS = (
					"DEBUG=1",
					"$(inherited)",
				);
				GCC_WARN_64_TO_32_BIT_CONVERSION = YES;
				GCC_WARN_ABOUT_RETURN_TYPE = YES_ERROR;
				GCC_WARN_UNDECLARED_SELECTOR = YES;
				GCC_WARN_UNINITIALIZED_AUTOS = YES_AGGRESSIVE;
				GCC_WARN_UNUSED_FUNCTION = YES;
				GCC_WARN_UNUSED_VARIABLE = YES;
				IPHONEOS_DEPLOYMENT_TARGET = 9.3;
				MTL_ENABLE_DEBUG_INFO = YES;
				ONLY_ACTIVE_ARCH = YES;
				SDKROOT = iphoneos;
			};
			name = Debug;
		};
		5B7258D41DABE90D005BC34A /* Release */ = {
			isa = XCBuildConfiguration;
			buildSettings = {
				ALWAYS_SEARCH_USER_PATHS = NO;
				CLANG_ANALYZER_NONNULL = YES;
				CLANG_CXX_LANGUAGE_STANDARD = "gnu++0x";
				CLANG_CXX_LIBRARY = "libc++";
				CLANG_ENABLE_MODULES = YES;
				CLANG_ENABLE_OBJC_ARC = YES;
				CLANG_WARN_BOOL_CONVERSION = YES;
				CLANG_WARN_CONSTANT_CONVERSION = YES;
				CLANG_WARN_DIRECT_OBJC_ISA_USAGE = YES_ERROR;
				CLANG_WARN_EMPTY_BODY = YES;
				CLANG_WARN_ENUM_CONVERSION = YES;
				CLANG_WARN_INT_CONVERSION = YES;
				CLANG_WARN_OBJC_ROOT_CLASS = YES_ERROR;
				CLANG_WARN_UNREACHABLE_CODE = YES;
				CLANG_WARN__DUPLICATE_METHOD_MATCH = YES;
				"CODE_SIGN_IDENTITY[sdk=iphoneos*]" = "iPhone Developer";
				COPY_PHASE_STRIP = NO;
				DEBUG_INFORMATION_FORMAT = "dwarf-with-dsym";
				ENABLE_NS_ASSERTIONS = NO;
				ENABLE_STRICT_OBJC_MSGSEND = YES;
				GCC_C_LANGUAGE_STANDARD = gnu99;
				GCC_NO_COMMON_BLOCKS = YES;
				GCC_WARN_64_TO_32_BIT_CONVERSION = YES;
				GCC_WARN_ABOUT_RETURN_TYPE = YES_ERROR;
				GCC_WARN_UNDECLARED_SELECTOR = YES;
				GCC_WARN_UNINITIALIZED_AUTOS = YES_AGGRESSIVE;
				GCC_WARN_UNUSED_FUNCTION = YES;
				GCC_WARN_UNUSED_VARIABLE = YES;
				IPHONEOS_DEPLOYMENT_TARGET = 9.3;
				MTL_ENABLE_DEBUG_INFO = NO;
				SDKROOT = iphoneos;
				VALIDATE_PRODUCT = YES;
			};
			name = Release;
		};
		5B7258D61DABE90D005BC34A /* Debug */ = {
			isa = XCBuildConfiguration;
			buildSettings = {
				ASSETCATALOG_COMPILER_APPICON_NAME = AppIcon;
				INFOPLIST_FILE = VXBorrowedTime/Info.plist;
				LD_RUNPATH_SEARCH_PATHS = "$(inherited) @executable_path/Frameworks";
				PRODUCT_BUNDLE_IDENTIFIER = com.voidxin.VXBorrowedTime;
				PRODUCT_NAME = "$(TARGET_NAME)";
			};
			name = Debug;
		};
		5B7258D71DABE90D005BC34A /* Release */ = {
			isa = XCBuildConfiguration;
			buildSettings = {
				ASSETCATALOG_COMPILER_APPICON_NAME = AppIcon;
				INFOPLIST_FILE = VXBorrowedTime/Info.plist;
				LD_RUNPATH_SEARCH_PATHS = "$(inherited) @executable_path/Frameworks";
				PRODUCT_BUNDLE_IDENTIFIER = com.voidxin.VXBorrowedTime;
				PRODUCT_NAME = "$(TARGET_NAME)";
			};
			name = Release;
		};
		5B7258D91DABE90D005BC34A /* Debug */ = {
			isa = XCBuildConfiguration;
			buildSettings = {
				BUNDLE_LOADER = "$(TEST_HOST)";
				INFOPLIST_FILE = VXBorrowedTimeTests/Info.plist;
				LD_RUNPATH_SEARCH_PATHS = "$(inherited) @executable_path/Frameworks @loader_path/Frameworks";
				PRODUCT_BUNDLE_IDENTIFIER = com.voidxin.VXBorrowedTimeTests;
				PRODUCT_NAME = "$(TARGET_NAME)";
				TEST_HOST = "$(BUILT_PRODUCTS_DIR)/VXBorrowedTime.app/VXBorrowedTime";
			};
			name = Debug;
		};
		5B7258DA1DABE90D005BC34A /* Release */ = {
			isa = XCBuildConfiguration;
			buildSettings = {
				BUNDLE_LOADER = "$(TEST_HOST)";
				INFOPLIST_FILE = VXBorrowedTimeTests/Info.plist;
				LD_RUNPATH_SEARCH_PATHS = "$(inherited) @executable_path/Frameworks @loader_path/Frameworks";
				PRODUCT_BUNDLE_IDENTIFIER = com.voidxin.VXBorrowedTimeTests;
				PRODUCT_NAME = "$(TARGET_NAME)";
				TEST_HOST = "$(BUILT_PRODUCTS_DIR)/VXBorrowedTime.app/VXBorrowedTime";
			};
			name = Release;
		};
		5B7258DC1DABE90D005BC34A /* Debug */ = {
			isa = XCBuildConfiguration;
			buildSettings = {
				INFOPLIST_FILE = VXBorrowedTimeUITests/Info.plist;
				LD_RUNPATH_SEARCH_PATHS = "$(inherited) @executable_path/Frameworks @loader_path/Frameworks";
				PRODUCT_BUNDLE_IDENTIFIER = com.voidxin.VXBorrowedTimeUITests;
				PRODUCT_NAME = "$(TARGET_NAME)";
				TEST_TARGET_NAME = VXBorrowedTime;
			};
			name = Debug;
		};
		5B7258DD1DABE90D005BC34A /* Release */ = {
			isa = XCBuildConfiguration;
			buildSettings = {
				INFOPLIST_FILE = VXBorrowedTimeUITests/Info.plist;
				LD_RUNPATH_SEARCH_PATHS = "$(inherited) @executable_path/Frameworks @loader_path/Frameworks";
				PRODUCT_BUNDLE_IDENTIFIER = com.voidxin.VXBorrowedTimeUITests;
				PRODUCT_NAME = "$(TARGET_NAME)";
				TEST_TARGET_NAME = VXBorrowedTime;
			};
			name = Release;
		};
/* End XCBuildConfiguration section */

/* Begin XCConfigurationList section */
		5B7258A01DABE90D005BC34A /* Build configuration list for PBXProject "VXBorrowedTime" */ = {
			isa = XCConfigurationList;
			buildConfigurations = (
				5B7258D31DABE90D005BC34A /* Debug */,
				5B7258D41DABE90D005BC34A /* Release */,
			);
			defaultConfigurationIsVisible = 0;
			defaultConfigurationName = Release;
		};
		5B7258D51DABE90D005BC34A /* Build configuration list for PBXNativeTarget "VXBorrowedTime" */ = {
			isa = XCConfigurationList;
			buildConfigurations = (
				5B7258D61DABE90D005BC34A /* Debug */,
				5B7258D71DABE90D005BC34A /* Release */,
			);
			defaultConfigurationIsVisible = 0;
			defaultConfigurationName = Release;
		};
		5B7258D81DABE90D005BC34A /* Build configuration list for PBXNativeTarget "VXBorrowedTimeTests" */ = {
			isa = XCConfigurationList;
			buildConfigurations = (
				5B7258D91DABE90D005BC34A /* Debug */,
				5B7258DA1DABE90D005BC34A /* Release */,
			);
			defaultConfigurationIsVisible = 0;
			defaultConfigurationName = Release;
		};
		5B7258DB1DABE90D005BC34A /* Build configuration list for PBXNativeTarget "VXBorrowedTimeUITests" */ = {
			isa = XCConfigurationList;
			buildConfigurations = (
				5B7258DC1DABE90D005BC34A /* Debug */,
				5B7258DD1DABE90D005BC34A /* Release */,
			);
			defaultConfigurationIsVisible = 0;
			defaultConfigurationName = Release;
		};
/* End XCConfigurationList section */

/* Begin XCVersionGroup section */
		5B7258B41DABE90D005BC34A /* VXBorrowedTime.xcdatamodeld */ = {
			isa = XCVersionGroup;
			children = (
				5B7258B51DABE90D005BC34A /* VXBorrowedTime.xcdatamodel */,
			);
			currentVersion = 5B7258B51DABE90D005BC34A /* VXBorrowedTime.xcdatamodel */;
			path = VXBorrowedTime.xcdatamodeld;
			sourceTree = "<group>";
			versionGroupType = wrapper.xcdatamodel;
		};
/* End XCVersionGroup section */
	};
	rootObject = 5B72589D1DABE90D005BC34A /* Project object */;
}
